
Microsoft Visual Studio Solution File, Format Version 12.00
# Visual Studio Version 16
VisualStudioVersion = 16.0.30114.105
MinimumVisualStudioVersion = 10.0.40219.1
Project("{888888A0-9F3D-457C-B088-3A5042F75D52}") = "MODU", "MODU.pyproj", "{478718FA-192B-413F-B820-1395DF9902D8}"
EndProject
Global
	GlobalSection(SolutionConfigurationPlatforms) = preSolution
		Debug|Any CPU = Debug|Any CPU
		Release|Any CPU = Release|Any CPU
	EndGlobalSection
	GlobalSection(ProjectConfigurationPlatforms) = postSolution
		{478718FA-192B-413F-B820-1395DF9902D8}.Debug|Any CPU.ActiveCfg = Debug|Any CPU
		{478718FA-192B-413F-B820-1395DF9902D8}.Debug|Any CPU.Build.0 = Debug|Any CPU
		{478718FA-192B-413F-B820-1395DF9902D8}.Release|Any CPU.ActiveCfg = Release|Any CPU
		{478718FA-192B-413F-B820-1395DF9902D8}.Release|Any CPU.Build.0 = Release|Any CPU
	EndGlobalSection
	GlobalSection(SolutionProperties) = preSolution
		HideSolutionNode = FALSE
	EndGlobalSection
	GlobalSection(ExtensibilityGlobals) = postSolution
		SolutionGuid = {9DADAD46-8F8E-4533-BE4D-17B62481AEB3}
	EndGlobalSection
EndGlobal
